
Microsoft Visual Studio Solution File, Format Version 12.00
# Visual Studio Version 17
VisualStudioVersion = 17.7.34003.232
MinimumVisualStudioVersion = 10.0.40219.1
Project("{FAE04EC0-301F-11D3-BF4B-00C04F79EFBC}") = "Ejercicio2", "Ejercicio2\Ejercicio2.csproj", "{FFF20EF2-942A-4C3E-92A0-6D76104B0D61}"
EndProject
Global
	GlobalSection(SolutionConfigurationPlatforms) = preSolution
		Debug|Any CPU = Debug|Any CPU
		Release|Any CPU = Release|Any CPU
	EndGlobalSection
	GlobalSection(ProjectConfigurationPlatforms) = postSolution
		{FFF20EF2-942A-4C3E-92A0-6D76104B0D61}.Debug|Any CPU.ActiveCfg = Debug|Any CPU
		{FFF20EF2-942A-4C3E-92A0-6D76104B0D61}.Debug|Any CPU.Build.0 = Debug|Any CPU
		{FFF20EF2-942A-4C3E-92A0-6D76104B0D61}.Release|Any CPU.ActiveCfg = Release|Any CPU
		{FFF20EF2-942A-4C3E-92A0-6D76104B0D61}.Release|Any CPU.Build.0 = Release|Any CPU
	EndGlobalSection
	GlobalSection(SolutionProperties) = preSolution
		HideSolutionNode = FALSE
	EndGlobalSection
	GlobalSection(ExtensibilityGlobals) = postSolution
		SolutionGuid = {658AB506-5058-44FF-ACA9-2304DD2E6294}
	EndGlobalSection
EndGlobal
